{
  "name": "leren-cli",
  "version": "0.1.0",
  "lockfileVersion": 3,
  "requires": true,
  "packages": {
    "": {
      "name": "leren-cli",
      "version": "0.1.0",
      "license": "UNLICENSED",
      "bin": {
        "leren": "bin/leren-cli.js",
        "leren-cli": "bin/leren-cli.js"
      },
      "engines": {
        "node": ">=18"
      }
    }
  }
}
